
Microsoft Visual Studio Solution File, Format Version 12.00
# Visual Studio 15
VisualStudioVersion = 15.0.28307.902
MinimumVisualStudioVersion = 10.0.40219.1
Project("{00D1A9C2-B5F0-4AF3-8072-F6C62B433612}") = "TaskManager", "TaskManager\TaskManager.sqlproj", "{F2CD298C-10C7-4F24-B012-33FC91709C09}"
EndProject
Global
	GlobalSection(SolutionConfigurationPlatforms) = preSolution
		Debug|Any CPU = Debug|Any CPU
		Release|Any CPU = Release|Any CPU
	EndGlobalSection
	GlobalSection(ProjectConfigurationPlatforms) = postSolution
		{F2CD298C-10C7-4F24-B012-33FC91709C09}.Debug|Any CPU.ActiveCfg = Debug|Any CPU
		{F2CD298C-10C7-4F24-B012-33FC91709C09}.Debug|Any CPU.Build.0 = Debug|Any CPU
		{F2CD298C-10C7-4F24-B012-33FC91709C09}.Debug|Any CPU.Deploy.0 = Debug|Any CPU
		{F2CD298C-10C7-4F24-B012-33FC91709C09}.Release|Any CPU.ActiveCfg = Release|Any CPU
		{F2CD298C-10C7-4F24-B012-33FC91709C09}.Release|Any CPU.Build.0 = Release|Any CPU
		{F2CD298C-10C7-4F24-B012-33FC91709C09}.Release|Any CPU.Deploy.0 = Release|Any CPU
	EndGlobalSection
	GlobalSection(SolutionProperties) = preSolution
		HideSolutionNode = FALSE
	EndGlobalSection
	GlobalSection(ExtensibilityGlobals) = postSolution
		SolutionGuid = {1886B6C9-022E-453E-96D9-CFAF6C674ED3}
	EndGlobalSection
EndGlobal
