
Microsoft Visual Studio Solution File, Format Version 12.00
# Visual Studio 15
VisualStudioVersion = 15.0.28307.902
MinimumVisualStudioVersion = 10.0.40219.1
Project("{FAE04EC0-301F-11D3-BF4B-00C04F79EFBC}") = "TaskManager", "TaskManager\TaskManager.csproj", "{2429B431-ACFD-4543-8566-AE45381FF9C3}"
EndProject
Global
	GlobalSection(SolutionConfigurationPlatforms) = preSolution
		Debug|Any CPU = Debug|Any CPU
		Release|Any CPU = Release|Any CPU
	EndGlobalSection
	GlobalSection(ProjectConfigurationPlatforms) = postSolution
		{2429B431-ACFD-4543-8566-AE45381FF9C3}.Debug|Any CPU.ActiveCfg = Debug|Any CPU
		{2429B431-ACFD-4543-8566-AE45381FF9C3}.Debug|Any CPU.Build.0 = Debug|Any CPU
		{2429B431-ACFD-4543-8566-AE45381FF9C3}.Release|Any CPU.ActiveCfg = Release|Any CPU
		{2429B431-ACFD-4543-8566-AE45381FF9C3}.Release|Any CPU.Build.0 = Release|Any CPU
	EndGlobalSection
	GlobalSection(SolutionProperties) = preSolution
		HideSolutionNode = FALSE
	EndGlobalSection
	GlobalSection(ExtensibilityGlobals) = postSolution
		SolutionGuid = {06FD369F-2205-4AE2-AE48-B615FC29DD1D}
	EndGlobalSection
EndGlobal
